
Microsoft Visual Studio Solution File, Format Version 12.00
# Visual Studio 15
VisualStudioVersion = 15.0.27130.2027
MinimumVisualStudioVersion = 10.0.40219.1
Project("{FAE04EC0-301F-11D3-BF4B-00C04F79EFBC}") = "MechanicNearMe.Android", "MechanicNearMe\MechanicNearMe.Android\MechanicNearMe.Android.csproj", "{D2DD6C9C-2A20-4FC2-B39E-66593228A740}"
EndProject
Project("{FAE04EC0-301F-11D3-BF4B-00C04F79EFBC}") = "MechanicNearMe.iOS", "MechanicNearMe\MechanicNearMe.iOS\MechanicNearMe.iOS.csproj", "{6F0DC0DF-8B6F-4B7E-9903-4871B67F4D03}"
EndProject
Project("{D954291E-2A0B-460D-934E-DC6B0785DB48}") = "MechanicNearMe", "MechanicNearMe\MechanicNearMe\MechanicNearMe.shproj", "{445AF898-1369-4162-B51E-130FAF2EA4A0}"
EndProject
Global
	GlobalSection(SharedMSBuildProjectFiles) = preSolution
		MechanicNearMe\MechanicNearMe\MechanicNearMe.projitems*{445af898-1369-4162-b51e-130faf2ea4a0}*SharedItemsImports = 13
		MechanicNearMe\MechanicNearMe\MechanicNearMe.projitems*{6f0dc0df-8b6f-4b7e-9903-4871b67f4d03}*SharedItemsImports = 4
		MechanicNearMe\MechanicNearMe\MechanicNearMe.projitems*{d2dd6c9c-2a20-4fc2-b39e-66593228a740}*SharedItemsImports = 4
	EndGlobalSection
	GlobalSection(SolutionConfigurationPlatforms) = preSolution
		Ad-Hoc|Any CPU = Ad-Hoc|Any CPU
		Ad-Hoc|ARM = Ad-Hoc|ARM
		Ad-Hoc|iPhone = Ad-Hoc|iPhone
		Ad-Hoc|iPhoneSimulator = Ad-Hoc|iPhoneSimulator
		Ad-Hoc|x64 = Ad-Hoc|x64
		Ad-Hoc|x86 = Ad-Hoc|x86
		AppStore|Any CPU = AppStore|Any CPU
		AppStore|ARM = AppStore|ARM
		AppStore|iPhone = AppStore|iPhone
		AppStore|iPhoneSimulator = AppStore|iPhoneSimulator
		AppStore|x64 = AppStore|x64
		AppStore|x86 = AppStore|x86
		Debug|Any CPU = Debug|Any CPU
		Debug|ARM = Debug|ARM
		Debug|iPhone = Debug|iPhone
		Debug|iPhoneSimulator = Debug|iPhoneSimulator
		Debug|x64 = Debug|x64
		Debug|x86 = Debug|x86
		Release|Any CPU = Release|Any CPU
		Release|ARM = Release|ARM
		Release|iPhone = Release|iPhone
		Release|iPhoneSimulator = Release|iPhoneSimulator
		Release|x64 = Release|x64
		Release|x86 = Release|x86
	EndGlobalSection
	GlobalSection(ProjectConfigurationPlatforms) = postSolution
		{D2DD6C9C-2A20-4FC2-B39E-66593228A740}.Ad-Hoc|Any CPU.ActiveCfg = Release|Any CPU
		{D2DD6C9C-2A20-4FC2-B39E-66593228A740}.Ad-Hoc|Any CPU.Build.0 = Release|Any CPU
		{D2DD6C9C-2A20-4FC2-B39E-66593228A740}.Ad-Hoc|Any CPU.Deploy.0 = Release|Any CPU
		{D2DD6C9C-2A20-4FC2-B39E-66593228A740}.Ad-Hoc|ARM.ActiveCfg = Release|Any CPU
		{D2DD6C9C-2A20-4FC2-B39E-66593228A740}.Ad-Hoc|ARM.Build.0 = Release|Any CPU
		{D2DD6C9C-2A20-4FC2-B39E-66593228A740}.Ad-Hoc|ARM.Deploy.0 = Release|Any CPU
		{D2DD6C9C-2A20-4FC2-B39E-66593228A740}.Ad-Hoc|iPhone.ActiveCfg = Release|Any CPU
		{D2DD6C9C-2A20-4FC2-B39E-66593228A740}.Ad-Hoc|iPhone.Build.0 = Release|Any CPU
		{D2DD6C9C-2A20-4FC2-B39E-66593228A740}.Ad-Hoc|iPhone.Deploy.0 = Release|Any CPU
		{D2DD6C9C-2A20-4FC2-B39E-66593228A740}.Ad-Hoc|iPhoneSimulator.ActiveCfg = Release|Any CPU
		{D2DD6C9C-2A20-4FC2-B39E-66593228A740}.Ad-Hoc|iPhoneSimulator.Build.0 = Release|Any CPU
		{D2DD6C9C-2A20-4FC2-B39E-66593228A740}.Ad-Hoc|iPhoneSimulator.Deploy.0 = Release|Any CPU
		{D2DD6C9C-2A20-4FC2-B39E-66593228A740}.Ad-Hoc|x64.ActiveCfg = Release|Any CPU
		{D2DD6C9C-2A20-4FC2-B39E-66593228A740}.Ad-Hoc|x64.Build.0 = Release|Any CPU
		{D2DD6C9C-2A20-4FC2-B39E-66593228A740}.Ad-Hoc|x64.Deploy.0 = Release|Any CPU
		{D2DD6C9C-2A20-4FC2-B39E-66593228A740}.Ad-Hoc|x86.ActiveCfg = Release|Any CPU
		{D2DD6C9C-2A20-4FC2-B39E-66593228A740}.Ad-Hoc|x86.Build.0 = Release|Any CPU
		{D2DD6C9C-2A20-4FC2-B39E-66593228A740}.Ad-Hoc|x86.Deploy.0 = Release|Any CPU
		{D2DD6C9C-2A20-4FC2-B39E-66593228A740}.AppStore|Any CPU.ActiveCfg = Release|Any CPU
		{D2DD6C9C-2A20-4FC2-B39E-66593228A740}.AppStore|Any CPU.Build.0 = Release|Any CPU
		{D2DD6C9C-2A20-4FC2-B39E-66593228A740}.AppStore|Any CPU.Deploy.0 = Release|Any CPU
		{D2DD6C9C-2A20-4FC2-B39E-66593228A740}.AppStore|ARM.ActiveCfg = Release|Any CPU
		{D2DD6C9C-2A20-4FC2-B39E-66593228A740}.AppStore|ARM.Build.0 = Release|Any CPU
		{D2DD6C9C-2A20-4FC2-B39E-66593228A740}.AppStore|ARM.Deploy.0 = Release|Any CPU
		{D2DD6C9C-2A20-4FC2-B39E-66593228A740}.AppStore|iPhone.ActiveCfg = Release|Any CPU
		{D2DD6C9C-2A20-4FC2-B39E-66593228A740}.AppStore|iPhone.Build.0 = Release|Any CPU
		{D2DD6C9C-2A20-4FC2-B39E-66593228A740}.AppStore|iPhone.Deploy.0 = Release|Any CPU
		{D2DD6C9C-2A20-4FC2-B39E-66593228A740}.AppStore|iPhoneSimulator.ActiveCfg = Release|Any CPU
		{D2DD6C9C-2A20-4FC2-B39E-66593228A740}.AppStore|iPhoneSimulator.Build.0 = Release|Any CPU
		{D2DD6C9C-2A20-4FC2-B39E-66593228A740}.AppStore|iPhoneSimulator.Deploy.0 = Release|Any CPU
		{D2DD6C9C-2A20-4FC2-B39E-66593228A740}.AppStore|x64.ActiveCfg = Release|Any CPU
		{D2DD6C9C-2A20-4FC2-B39E-66593228A740}.AppStore|x64.Build.0 = Release|Any CPU
		{D2DD6C9C-2A20-4FC2-B39E-66593228A740}.AppStore|x64.Deploy.0 = Release|Any CPU
		{D2DD6C9C-2A20-4FC2-B39E-66593228A740}.AppStore|x86.ActiveCfg = Release|Any CPU
		{D2DD6C9C-2A20-4FC2-B39E-66593228A740}.AppStore|x86.Build.0 = Release|Any CPU
		{D2DD6C9C-2A20-4FC2-B39E-66593228A740}.AppStore|x86.Deploy.0 = Release|Any CPU
		{D2DD6C9C-2A20-4FC2-B39E-66593228A740}.Debug|Any CPU.ActiveCfg = Debug|Any CPU
		{D2DD6C9C-2A20-4FC2-B39E-66593228A740}.Debug|Any CPU.Build.0 = Debug|Any CPU
		{D2DD6C9C-2A20-4FC2-B39E-66593228A740}.Debug|Any CPU.Deploy.0 = Debug|Any CPU
		{D2DD6C9C-2A20-4FC2-B39E-66593228A740}.Debug|ARM.ActiveCfg = Debug|Any CPU
		{D2DD6C9C-2A20-4FC2-B39E-66593228A740}.Debug|ARM.Build.0 = Debug|Any CPU
		{D2DD6C9C-2A20-4FC2-B39E-66593228A740}.Debug|ARM.Deploy.0 = Debug|Any CPU
		{D2DD6C9C-2A20-4FC2-B39E-66593228A740}.Debug|iPhone.ActiveCfg = Debug|Any CPU
		{D2DD6C9C-2A20-4FC2-B39E-66593228A740}.Debug|iPhone.Build.0 = Debug|Any CPU
		{D2DD6C9C-2A20-4FC2-B39E-66593228A740}.Debug|iPhone.Deploy.0 = Debug|Any CPU
		{D2DD6C9C-2A20-4FC2-B39E-66593228A740}.Debug|iPhoneSimulator.ActiveCfg = Debug|Any CPU
		{D2DD6C9C-2A20-4FC2-B39E-66593228A740}.Debug|iPhoneSimulator.Build.0 = Debug|Any CPU
		{D2DD6C9C-2A20-4FC2-B39E-66593228A740}.Debug|iPhoneSimulator.Deploy.0 = Debug|Any CPU
		{D2DD6C9C-2A20-4FC2-B39E-66593228A740}.Debug|x64.ActiveCfg = Debug|Any CPU
		{D2DD6C9C-2A20-4FC2-B39E-66593228A740}.Debug|x64.Build.0 = Debug|Any CPU
		{D2DD6C9C-2A20-4FC2-B39E-66593228A740}.Debug|x64.Deploy.0 = Debug|Any CPU
		{D2DD6C9C-2A20-4FC2-B39E-66593228A740}.Debug|x86.ActiveCfg = Debug|Any CPU
		{D2DD6C9C-2A20-4FC2-B39E-66593228A740}.Debug|x86.Build.0 = Debug|Any CPU
		{D2DD6C9C-2A20-4FC2-B39E-66593228A740}.Debug|x86.Deploy.0 = Debug|Any CPU
		{D2DD6C9C-2A20-4FC2-B39E-66593228A740}.Release|Any CPU.ActiveCfg = Release|Any CPU
		{D2DD6C9C-2A20-4FC2-B39E-66593228A740}.Release|Any CPU.Build.0 = Release|Any CPU
		{D2DD6C9C-2A20-4FC2-B39E-66593228A740}.Release|Any CPU.Deploy.0 = Release|Any CPU
		{D2DD6C9C-2A20-4FC2-B39E-66593228A740}.Release|ARM.ActiveCfg = Release|Any CPU
		{D2DD6C9C-2A20-4FC2-B39E-66593228A740}.Release|ARM.Build.0 = Release|Any CPU
		{D2DD6C9C-2A20-4FC2-B39E-66593228A740}.Release|ARM.Deploy.0 = Release|Any CPU
		{D2DD6C9C-2A20-4FC2-B39E-66593228A740}.Release|iPhone.ActiveCfg = Release|Any CPU
		{D2DD6C9C-2A20-4FC2-B39E-66593228A740}.Release|iPhone.Build.0 = Release|Any CPU
		{D2DD6C9C-2A20-4FC2-B39E-66593228A740}.Release|iPhone.Deploy.0 = Release|Any CPU
		{D2DD6C9C-2A20-4FC2-B39E-66593228A740}.Release|iPhoneSimulator.ActiveCfg = Release|Any CPU
		{D2DD6C9C-2A20-4FC2-B39E-66593228A740}.Release|iPhoneSimulator.Build.0 = Release|Any CPU
		{D2DD6C9C-2A20-4FC2-B39E-66593228A740}.Release|iPhoneSimulator.Deploy.0 = Release|Any CPU
		{D2DD6C9C-2A20-4FC2-B39E-66593228A740}.Release|x64.ActiveCfg = Release|Any CPU
		{D2DD6C9C-2A20-4FC2-B39E-66593228A740}.Release|x64.Build.0 = Release|Any CPU
		{D2DD6C9C-2A20-4FC2-B39E-66593228A740}.Release|x64.Deploy.0 = Release|Any CPU
		{D2DD6C9C-2A20-4FC2-B39E-66593228A740}.Release|x86.ActiveCfg = Release|Any CPU
		{D2DD6C9C-2A20-4FC2-B39E-66593228A740}.Release|x86.Build.0 = Release|Any CPU
		{D2DD6C9C-2A20-4FC2-B39E-66593228A740}.Release|x86.Deploy.0 = Release|Any CPU
		{6F0DC0DF-8B6F-4B7E-9903-4871B67F4D03}.Ad-Hoc|Any CPU.ActiveCfg = Ad-Hoc|iPhone
		{6F0DC0DF-8B6F-4B7E-9903-4871B67F4D03}.Ad-Hoc|ARM.ActiveCfg = Ad-Hoc|iPhone
		{6F0DC0DF-8B6F-4B7E-9903-4871B67F4D03}.Ad-Hoc|iPhone.ActiveCfg = Ad-Hoc|iPhone
		{6F0DC0DF-8B6F-4B7E-9903-4871B67F4D03}.Ad-Hoc|iPhone.Build.0 = Ad-Hoc|iPhone
		{6F0DC0DF-8B6F-4B7E-9903-4871B67F4D03}.Ad-Hoc|iPhoneSimulator.ActiveCfg = Ad-Hoc|iPhoneSimulator
		{6F0DC0DF-8B6F-4B7E-9903-4871B67F4D03}.Ad-Hoc|iPhoneSimulator.Build.0 = Ad-Hoc|iPhoneSimulator
		{6F0DC0DF-8B6F-4B7E-9903-4871B67F4D03}.Ad-Hoc|x64.ActiveCfg = Ad-Hoc|iPhone
		{6F0DC0DF-8B6F-4B7E-9903-4871B67F4D03}.Ad-Hoc|x86.ActiveCfg = Ad-Hoc|iPhone
		{6F0DC0DF-8B6F-4B7E-9903-4871B67F4D03}.AppStore|Any CPU.ActiveCfg = AppStore|iPhone
		{6F0DC0DF-8B6F-4B7E-9903-4871B67F4D03}.AppStore|ARM.ActiveCfg = AppStore|iPhone
		{6F0DC0DF-8B6F-4B7E-9903-4871B67F4D03}.AppStore|iPhone.ActiveCfg = AppStore|iPhone
		{6F0DC0DF-8B6F-4B7E-9903-4871B67F4D03}.AppStore|iPhone.Build.0 = AppStore|iPhone
		{6F0DC0DF-8B6F-4B7E-9903-4871B67F4D03}.AppStore|iPhoneSimulator.ActiveCfg = AppStore|iPhoneSimulator
		{6F0DC0DF-8B6F-4B7E-9903-4871B67F4D03}.AppStore|iPhoneSimulator.Build.0 = AppStore|iPhoneSimulator
		{6F0DC0DF-8B6F-4B7E-9903-4871B67F4D03}.AppStore|x64.ActiveCfg = AppStore|iPhone
		{6F0DC0DF-8B6F-4B7E-9903-4871B67F4D03}.AppStore|x86.ActiveCfg = AppStore|iPhone
		{6F0DC0DF-8B6F-4B7E-9903-4871B67F4D03}.Debug|Any CPU.ActiveCfg = Debug|iPhone
		{6F0DC0DF-8B6F-4B7E-9903-4871B67F4D03}.Debug|ARM.ActiveCfg = Debug|iPhone
		{6F0DC0DF-8B6F-4B7E-9903-4871B67F4D03}.Debug|iPhone.ActiveCfg = Debug|iPhone
		{6F0DC0DF-8B6F-4B7E-9903-4871B67F4D03}.Debug|iPhone.Build.0 = Debug|iPhone
		{6F0DC0DF-8B6F-4B7E-9903-4871B67F4D03}.Debug|iPhoneSimulator.ActiveCfg = Debug|iPhoneSimulator
		{6F0DC0DF-8B6F-4B7E-9903-4871B67F4D03}.Debug|iPhoneSimulator.Build.0 = Debug|iPhoneSimulator
		{6F0DC0DF-8B6F-4B7E-9903-4871B67F4D03}.Debug|x64.ActiveCfg = Debug|iPhone
		{6F0DC0DF-8B6F-4B7E-9903-4871B67F4D03}.Debug|x86.ActiveCfg = Debug|iPhone
		{6F0DC0DF-8B6F-4B7E-9903-4871B67F4D03}.Release|Any CPU.ActiveCfg = Release|iPhone
		{6F0DC0DF-8B6F-4B7E-9903-4871B67F4D03}.Release|ARM.ActiveCfg = Release|iPhone
		{6F0DC0DF-8B6F-4B7E-9903-4871B67F4D03}.Release|iPhone.ActiveCfg = Release|iPhone
		{6F0DC0DF-8B6F-4B7E-9903-4871B67F4D03}.Release|iPhone.Build.0 = Release|iPhone
		{6F0DC0DF-8B6F-4B7E-9903-4871B67F4D03}.Release|iPhoneSimulator.ActiveCfg = Release|iPhoneSimulator
		{6F0DC0DF-8B6F-4B7E-9903-4871B67F4D03}.Release|iPhoneSimulator.Build.0 = Release|iPhoneSimulator
		{6F0DC0DF-8B6F-4B7E-9903-4871B67F4D03}.Release|x64.ActiveCfg = Release|iPhone
		{6F0DC0DF-8B6F-4B7E-9903-4871B67F4D03}.Release|x86.ActiveCfg = Release|iPhone
	EndGlobalSection
	GlobalSection(SolutionProperties) = preSolution
		HideSolutionNode = FALSE
	EndGlobalSection
	GlobalSection(ExtensibilityGlobals) = postSolution
		SolutionGuid = {096491F1-A334-421B-8C72-D1B341DA9FCC}
	EndGlobalSection
EndGlobal
